// !$*UTF8*$!
{
	archiveVersion = 1;
	classes = {
	};
	objectVersion = 46;
	objects = {

/* Begin PBXBuildFile section */
		09079B44150152EF009FC5DA /* OSChannelViewController.m in Sources */ = {isa = PBXBuildFile; fileRef = 09079B42150152EF009FC5DA /* OSChannelViewController.m */; };
		09079B45150152EF009FC5DA /* OSChannelViewController.xib in Resources */ = {isa = PBXBuildFile; fileRef = 09079B43150152EF009FC5DA /* OSChannelViewController.xib */; };
		092A2B0214FA52E000C2BA5D /* OSPowerLevel.m in Sources */ = {isa = PBXBuildFile; fileRef = 092A2B0114FA52E000C2BA5D /* OSPowerLevel.m */; };
		092A2B0814FA52E000C2BA5D /* OSDelay.m in Sources */ = {isa = PBXBuildFile; fileRef = 092A2B0714FA52E000C2BA5D /* OSDelay.m */; };
		092A2B0B14FA52E000C2BA5D /* OSChannelEvent.m in Sources */ = {isa = PBXBuildFile; fileRef = 092A2B0A14FA52E000C2BA5D /* OSChannelEvent.m */; };
		092A2B0E14FA52E000C2BA5D /* OSPulse.m in Sources */ = {isa = PBXBuildFile; fileRef = 092A2B0D14FA52E000C2BA5D /* OSPulse.m */; };
		092A2B1A14FA7F9500C2BA5D /* OSChannel.m in Sources */ = {isa = PBXBuildFile; fileRef = 092A2B1914FA7F9500C2BA5D /* OSChannel.m */; };
		0930920414FC19C6004838BB /* OSChannelView.m in Sources */ = {isa = PBXBuildFile; fileRef = 0930920314FC19C6004838BB /* OSChannelView.m */; };
		0930920814FC1A46004838BB /* OSPulseProgramView.m in Sources */ = {isa = PBXBuildFile; fileRef = 0930920714FC1A46004838BB /* OSPulseProgramView.m */; };
		0946659614BE3857005CAE76 /* Cocoa.framework in Frameworks */ = {isa = PBXBuildFile; fileRef = 0946659514BE3857005CAE76 /* Cocoa.framework */; };
		094665A014BE3857005CAE76 /* InfoPlist.strings in Resources */ = {isa = PBXBuildFile; fileRef = 0946659E14BE3857005CAE76 /* InfoPlist.strings */; };
		094665A314BE3857005CAE76 /* main.m in Sources */ = {isa = PBXBuildFile; fileRef = 094665A214BE3857005CAE76 /* main.m */; };
		094665A614BE3857005CAE76 /* Credits.rtf in Resources */ = {isa = PBXBuildFile; fileRef = 094665A414BE3857005CAE76 /* Credits.rtf */; };
		094665A914BE3857005CAE76 /* OSPulprog.m in Sources */ = {isa = PBXBuildFile; fileRef = 094665A814BE3857005CAE76 /* OSPulprog.m */; };
		094665AC14BE3857005CAE76 /* OSPulprog.xib in Resources */ = {isa = PBXBuildFile; fileRef = 094665AA14BE3857005CAE76 /* OSPulprog.xib */; };
		094665AF14BE3857005CAE76 /* MainMenu.xib in Resources */ = {isa = PBXBuildFile; fileRef = 094665AD14BE3857005CAE76 /* MainMenu.xib */; };
		094665B214BE3857005CAE76 /* OSPulprog.xcdatamodeld in Sources */ = {isa = PBXBuildFile; fileRef = 094665B014BE3857005CAE76 /* OSPulprog.xcdatamodeld */; };
		09955D7514FD64740079EFA5 /* OSPulseProgramViewController.m in Sources */ = {isa = PBXBuildFile; fileRef = 09955D7314FD64740079EFA5 /* OSPulseProgramViewController.m */; };
/* End PBXBuildFile section */

/* Begin PBXFileReference section */
		09079B41150152EF009FC5DA /* OSChannelViewController.h */ = {isa = PBXFileReference; fileEncoding = 4; lastKnownFileType = sourcecode.c.h; path = OSChannelViewController.h; sourceTree = "<group>"; };
		09079B42150152EF009FC5DA /* OSChannelViewController.m */ = {isa = PBXFileReference; fileEncoding = 4; lastKnownFileType = sourcecode.c.objc; path = OSChannelViewController.m; sourceTree = "<group>"; };
		09079B43150152EF009FC5DA /* OSChannelViewController.xib */ = {isa = PBXFileReference; fileEncoding = 4; lastKnownFileType = file.xib; path = OSChannelViewController.xib; sourceTree = "<group>"; };
		092A2B0014FA52E000C2BA5D /* OSPowerLevel.h */ = {isa = PBXFileReference; fileEncoding = 4; lastKnownFileType = sourcecode.c.h; path = OSPowerLevel.h; sourceTree = "<group>"; };
		092A2B0114FA52E000C2BA5D /* OSPowerLevel.m */ = {isa = PBXFileReference; fileEncoding = 4; lastKnownFileType = sourcecode.c.objc; path = OSPowerLevel.m; sourceTree = "<group>"; };
		092A2B0614FA52E000C2BA5D /* OSDelay.h */ = {isa = PBXFileReference; fileEncoding = 4; lastKnownFileType = sourcecode.c.h; path = OSDelay.h; sourceTree = "<group>"; };
		092A2B0714FA52E000C2BA5D /* OSDelay.m */ = {isa = PBXFileReference; fileEncoding = 4; lastKnownFileType = sourcecode.c.objc; path = OSDelay.m; sourceTree = "<group>"; };
		092A2B0914FA52E000C2BA5D /* OSChannelEvent.h */ = {isa = PBXFileReference; fileEncoding = 4; lastKnownFileType = sourcecode.c.h; path = OSChannelEvent.h; sourceTree = "<group>"; };
		092A2B0A14FA52E000C2BA5D /* OSChannelEvent.m */ = {isa = PBXFileReference; fileEncoding = 4; lastKnownFileType = sourcecode.c.objc; path = OSChannelEvent.m; sourceTree = "<group>"; };
		092A2B0C14FA52E000C2BA5D /* OSPulse.h */ = {isa = PBXFileReference; fileEncoding = 4; lastKnownFileType = sourcecode.c.h; path = OSPulse.h; sourceTree = "<group>"; };
		092A2B0D14FA52E000C2BA5D /* OSPulse.m */ = {isa = PBXFileReference; fileEncoding = 4; lastKnownFileType = sourcecode.c.objc; path = OSPulse.m; sourceTree = "<group>"; };
		092A2B1814FA7F9500C2BA5D /* OSChannel.h */ = {isa = PBXFileReference; fileEncoding = 4; lastKnownFileType = sourcecode.c.h; path = OSChannel.h; sourceTree = "<group>"; };
		092A2B1914FA7F9500C2BA5D /* OSChannel.m */ = {isa = PBXFileReference; fileEncoding = 4; lastKnownFileType = sourcecode.c.objc; path = OSChannel.m; sourceTree = "<group>"; };
		0930920214FC19C6004838BB /* OSChannelView.h */ = {isa = PBXFileReference; fileEncoding = 4; lastKnownFileType = sourcecode.c.h; path = OSChannelView.h; sourceTree = "<group>"; };
		0930920314FC19C6004838BB /* OSChannelView.m */ = {isa = PBXFileReference; fileEncoding = 4; lastKnownFileType = sourcecode.c.objc; path = OSChannelView.m; sourceTree = "<group>"; };
		0930920614FC1A46004838BB /* OSPulseProgramView.h */ = {isa = PBXFileReference; fileEncoding = 4; lastKnownFileType = sourcecode.c.h; path = OSPulseProgramView.h; sourceTree = "<group>"; };
		0930920714FC1A46004838BB /* OSPulseProgramView.m */ = {isa = PBXFileReference; fileEncoding = 4; lastKnownFileType = sourcecode.c.objc; path = OSPulseProgramView.m; sourceTree = "<group>"; };
		0946659114BE3857005CAE76 /* DrawPP.app */ = {isa = PBXFileReference; explicitFileType = wrapper.application; includeInIndex = 0; path = DrawPP.app; sourceTree = BUILT_PRODUCTS_DIR; };
		0946659514BE3857005CAE76 /* Cocoa.framework */ = {isa = PBXFileReference; lastKnownFileType = wrapper.framework; name = Cocoa.framework; path = System/Library/Frameworks/Cocoa.framework; sourceTree = SDKROOT; };
		0946659814BE3857005CAE76 /* AppKit.framework */ = {isa = PBXFileReference; lastKnownFileType = wrapper.framework; name = AppKit.framework; path = System/Library/Frameworks/AppKit.framework; sourceTree = SDKROOT; };
		0946659914BE3857005CAE76 /* CoreData.framework */ = {isa = PBXFileReference; lastKnownFileType = wrapper.framework; name = CoreData.framework; path = System/Library/Frameworks/CoreData.framework; sourceTree = SDKROOT; };
		0946659A14BE3857005CAE76 /* Foundation.framework */ = {isa = PBXFileReference; lastKnownFileType = wrapper.framework; name = Foundation.framework; path = System/Library/Frameworks/Foundation.framework; sourceTree = SDKROOT; };
		0946659D14BE3857005CAE76 /* DrawPP-Info.plist */ = {isa = PBXFileReference; lastKnownFileType = text.plist.xml; path = "DrawPP-Info.plist"; sourceTree = "<group>"; };
		0946659F14BE3857005CAE76 /* en */ = {isa = PBXFileReference; lastKnownFileType = text.plist.strings; name = en; path = en.lproj/InfoPlist.strings; sourceTree = "<group>"; };
		094665A114BE3857005CAE76 /* DrawPP-Prefix.pch */ = {isa = PBXFileReference; lastKnownFileType = sourcecode.c.h; path = "DrawPP-Prefix.pch"; sourceTree = "<group>"; };
		094665A214BE3857005CAE76 /* main.m */ = {isa = PBXFileReference; lastKnownFileType = sourcecode.c.objc; path = main.m; sourceTree = "<group>"; };
		094665A514BE3857005CAE76 /* en */ = {isa = PBXFileReference; lastKnownFileType = text.rtf; name = en; path = en.lproj/Credits.rtf; sourceTree = "<group>"; };
		094665A714BE3857005CAE76 /* OSPulprog.h */ = {isa = PBXFileReference; lastKnownFileType = sourcecode.c.h; path = OSPulprog.h; sourceTree = "<group>"; };
		094665A814BE3857005CAE76 /* OSPulprog.m */ = {isa = PBXFileReference; lastKnownFileType = sourcecode.c.objc; path = OSPulprog.m; sourceTree = "<group>"; };
		094665AB14BE3857005CAE76 /* en */ = {isa = PBXFileReference; lastKnownFileType = file.xib; name = en; path = en.lproj/OSPulprog.xib; sourceTree = "<group>"; };
		094665AE14BE3857005CAE76 /* en */ = {isa = PBXFileReference; lastKnownFileType = file.xib; name = en; path = en.lproj/MainMenu.xib; sourceTree = "<group>"; };
		094665B114BE3857005CAE76 /* OSPulprog.xcdatamodel */ = {isa = PBXFileReference; lastKnownFileType = wrapper.xcdatamodel; path = OSPulprog.xcdatamodel; sourceTree = "<group>"; };
		09955D7014FD62E90079EFA5 /* OSPulseProgramViewDataSourceProtocol.h */ = {isa = PBXFileReference; fileEncoding = 4; lastKnownFileType = sourcecode.c.h; path = OSPulseProgramViewDataSourceProtocol.h; sourceTree = "<group>"; };
		09955D7214FD64740079EFA5 /* OSPulseProgramViewController.h */ = {isa = PBXFileReference; fileEncoding = 4; lastKnownFileType = sourcecode.c.h; name = OSPulseProgramViewController.h; path = ../OSPulseProgramViewController.h; sourceTree = "<group>"; };
		09955D7314FD64740079EFA5 /* OSPulseProgramViewController.m */ = {isa = PBXFileReference; fileEncoding = 4; lastKnownFileType = sourcecode.c.objc; name = OSPulseProgramViewController.m; path = ../OSPulseProgramViewController.m; sourceTree = "<group>"; };
		09955D7914FD6DF70079EFA5 /* OSPulseProgramViewDelegateProtocol.h */ = {isa = PBXFileReference; fileEncoding = 4; lastKnownFileType = sourcecode.c.h; path = OSPulseProgramViewDelegateProtocol.h; sourceTree = "<group>"; };
/* End PBXFileReference section */

/* Begin PBXFrameworksBuildPhase section */
		0946658E14BE3857005CAE76 /* Frameworks */ = {
			isa = PBXFrameworksBuildPhase;
			buildActionMask = 2147483647;
			files = (
				0946659614BE3857005CAE76 /* Cocoa.framework in Frameworks */,
			);
			runOnlyForDeploymentPostprocessing = 0;
		};
/* End PBXFrameworksBuildPhase section */

/* Begin PBXGroup section */
		092A2B0F14FA635B00C2BA5D /* Model Classes */ = {
			isa = PBXGroup;
			children = (
				092A2B0014FA52E000C2BA5D /* OSPowerLevel.h */,
				092A2B0C14FA52E000C2BA5D /* OSPulse.h */,
				092A2B0D14FA52E000C2BA5D /* OSPulse.m */,
				092A2B0914FA52E000C2BA5D /* OSChannelEvent.h */,
				092A2B0A14FA52E000C2BA5D /* OSChannelEvent.m */,
				092A2B0614FA52E000C2BA5D /* OSDelay.h */,
				092A2B0714FA52E000C2BA5D /* OSDelay.m */,
				092A2B0114FA52E000C2BA5D /* OSPowerLevel.m */,
				092A2B1814FA7F9500C2BA5D /* OSChannel.h */,
				092A2B1914FA7F9500C2BA5D /* OSChannel.m */,
			);
			name = "Model Classes";
			sourceTree = "<group>";
		};
		0930920914FC1A52004838BB /* View Classes */ = {
			isa = PBXGroup;
			children = (
				0930920214FC19C6004838BB /* OSChannelView.h */,
				0930920314FC19C6004838BB /* OSChannelView.m */,
				0930920614FC1A46004838BB /* OSPulseProgramView.h */,
				0930920714FC1A46004838BB /* OSPulseProgramView.m */,
				09079B43150152EF009FC5DA /* OSChannelViewController.xib */,
			);
			name = "View Classes";
			sourceTree = "<group>";
		};
		0946658614BE3857005CAE76 = {
			isa = PBXGroup;
			children = (
				0946659B14BE3857005CAE76 /* DrawPP */,
				0946659414BE3857005CAE76 /* Frameworks */,
				0946659214BE3857005CAE76 /* Products */,
			);
			sourceTree = "<group>";
		};
		0946659214BE3857005CAE76 /* Products */ = {
			isa = PBXGroup;
			children = (
				0946659114BE3857005CAE76 /* DrawPP.app */,
			);
			name = Products;
			sourceTree = "<group>";
		};
		0946659414BE3857005CAE76 /* Frameworks */ = {
			isa = PBXGroup;
			children = (
				0946659514BE3857005CAE76 /* Cocoa.framework */,
				0946659714BE3857005CAE76 /* Other Frameworks */,
			);
			name = Frameworks;
			sourceTree = "<group>";
		};
		0946659714BE3857005CAE76 /* Other Frameworks */ = {
			isa = PBXGroup;
			children = (
				0946659814BE3857005CAE76 /* AppKit.framework */,
				0946659914BE3857005CAE76 /* CoreData.framework */,
				0946659A14BE3857005CAE76 /* Foundation.framework */,
			);
			name = "Other Frameworks";
			sourceTree = "<group>";
		};
		0946659B14BE3857005CAE76 /* DrawPP */ = {
			isa = PBXGroup;
			children = (
				09955D7814FD693B0079EFA5 /* viewControllers */,
				09955D7714FD66330079EFA5 /* Protocols */,
				0930920914FC1A52004838BB /* View Classes */,
				092A2B0F14FA635B00C2BA5D /* Model Classes */,
				094665A714BE3857005CAE76 /* OSPulprog.h */,
				094665A814BE3857005CAE76 /* OSPulprog.m */,
				094665AA14BE3857005CAE76 /* OSPulprog.xib */,
				094665AD14BE3857005CAE76 /* MainMenu.xib */,
				094665B014BE3857005CAE76 /* OSPulprog.xcdatamodeld */,
				0946659C14BE3857005CAE76 /* Supporting Files */,
			);
			path = DrawPP;
			sourceTree = "<group>";
		};
		0946659C14BE3857005CAE76 /* Supporting Files */ = {
			isa = PBXGroup;
			children = (
				0946659D14BE3857005CAE76 /* DrawPP-Info.plist */,
				0946659E14BE3857005CAE76 /* InfoPlist.strings */,
				094665A114BE3857005CAE76 /* DrawPP-Prefix.pch */,
				094665A214BE3857005CAE76 /* main.m */,
				094665A414BE3857005CAE76 /* Credits.rtf */,
			);
			name = "Supporting Files";
			sourceTree = "<group>";
		};
		09955D7714FD66330079EFA5 /* Protocols */ = {
			isa = PBXGroup;
			children = (
				09955D7014FD62E90079EFA5 /* OSPulseProgramViewDataSourceProtocol.h */,
				09955D7914FD6DF70079EFA5 /* OSPulseProgramViewDelegateProtocol.h */,
			);
			name = Protocols;
			sourceTree = "<group>";
		};
		09955D7814FD693B0079EFA5 /* viewControllers */ = {
			isa = PBXGroup;
			children = (
				09955D7214FD64740079EFA5 /* OSPulseProgramViewController.h */,
				09955D7314FD64740079EFA5 /* OSPulseProgramViewController.m */,
				09079B41150152EF009FC5DA /* OSChannelViewController.h */,
				09079B42150152EF009FC5DA /* OSChannelViewController.m */,
			);
			name = viewControllers;
			sourceTree = "<group>";
		};
/* End PBXGroup section */

/* Begin PBXNativeTarget section */
		0946659014BE3857005CAE76 /* DrawPP */ = {
			isa = PBXNativeTarget;
			buildConfigurationList = 094665B514BE3857005CAE76 /* Build configuration list for PBXNativeTarget "DrawPP" */;
			buildPhases = (
				0946658D14BE3857005CAE76 /* Sources */,
				0946658E14BE3857005CAE76 /* Frameworks */,
				0946658F14BE3857005CAE76 /* Resources */,
			);
			buildRules = (
			);
			dependencies = (
			);
			name = DrawPP;
			productName = DrawPP;
			productReference = 0946659114BE3857005CAE76 /* DrawPP.app */;
			productType = "com.apple.product-type.application";
		};
/* End PBXNativeTarget section */

/* Begin PBXProject section */
		0946658814BE3857005CAE76 /* Project object */ = {
			isa = PBXProject;
			attributes = {
				LastUpgradeCheck = 0430;
				ORGANIZATIONNAME = MyOwnCompany;
			};
			buildConfigurationList = 0946658B14BE3857005CAE76 /* Build configuration list for PBXProject "DrawPP" */;
			compatibilityVersion = "Xcode 3.2";
			developmentRegion = English;
			hasScannedForEncodings = 0;
			knownRegions = (
				en,
			);
			mainGroup = 0946658614BE3857005CAE76;
			productRefGroup = 0946659214BE3857005CAE76 /* Products */;
			projectDirPath = "";
			projectRoot = "";
			targets = (
				0946659014BE3857005CAE76 /* DrawPP */,
			);
		};
/* End PBXProject section */

/* Begin PBXResourcesBuildPhase section */
		0946658F14BE3857005CAE76 /* Resources */ = {
			isa = PBXResourcesBuildPhase;
			buildActionMask = 2147483647;
			files = (
				094665A014BE3857005CAE76 /* InfoPlist.strings in Resources */,
				094665A614BE3857005CAE76 /* Credits.rtf in Resources */,
				094665AC14BE3857005CAE76 /* OSPulprog.xib in Resources */,
				094665AF14BE3857005CAE76 /* MainMenu.xib in Resources */,
				09079B45150152EF009FC5DA /* OSChannelViewController.xib in Resources */,
			);
			runOnlyForDeploymentPostprocessing = 0;
		};
/* End PBXResourcesBuildPhase section */

/* Begin PBXSourcesBuildPhase section */
		0946658D14BE3857005CAE76 /* Sources */ = {
			isa = PBXSourcesBuildPhase;
			buildActionMask = 2147483647;
			files = (
				094665A314BE3857005CAE76 /* main.m in Sources */,
				094665A914BE3857005CAE76 /* OSPulprog.m in Sources */,
				094665B214BE3857005CAE76 /* OSPulprog.xcdatamodeld in Sources */,
				092A2B0214FA52E000C2BA5D /* OSPowerLevel.m in Sources */,
				092A2B0814FA52E000C2BA5D /* OSDelay.m in Sources */,
				092A2B0B14FA52E000C2BA5D /* OSChannelEvent.m in Sources */,
				092A2B0E14FA52E000C2BA5D /* OSPulse.m in Sources */,
				092A2B1A14FA7F9500C2BA5D /* OSChannel.m in Sources */,
				0930920414FC19C6004838BB /* OSChannelView.m in Sources */,
				0930920814FC1A46004838BB /* OSPulseProgramView.m in Sources */,
				09955D7514FD64740079EFA5 /* OSPulseProgramViewController.m in Sources */,
				09079B44150152EF009FC5DA /* OSChannelViewController.m in Sources */,
			);
			runOnlyForDeploymentPostprocessing = 0;
		};
/* End PBXSourcesBuildPhase section */

/* Begin PBXVariantGroup section */
		0946659E14BE3857005CAE76 /* InfoPlist.strings */ = {
			isa = PBXVariantGroup;
			children = (
				0946659F14BE3857005CAE76 /* en */,
			);
			name = InfoPlist.strings;
			sourceTree = "<group>";
		};
		094665A414BE3857005CAE76 /* Credits.rtf */ = {
			isa = PBXVariantGroup;
			children = (
				094665A514BE3857005CAE76 /* en */,
			);
			name = Credits.rtf;
			sourceTree = "<group>";
		};
		094665AA14BE3857005CAE76 /* OSPulprog.xib */ = {
			isa = PBXVariantGroup;
			children = (
				094665AB14BE3857005CAE76 /* en */,
			);
			name = OSPulprog.xib;
			sourceTree = "<group>";
		};
		094665AD14BE3857005CAE76 /* MainMenu.xib */ = {
			isa = PBXVariantGroup;
			children = (
				094665AE14BE3857005CAE76 /* en */,
			);
			name = MainMenu.xib;
			sourceTree = "<group>";
		};
/* End PBXVariantGroup section */

/* Begin XCBuildConfiguration section */
		094665B314BE3857005CAE76 /* Debug */ = {
			isa = XCBuildConfiguration;
			buildSettings = {
				ARCHS = "$(ARCHS_STANDARD_32_64_BIT)";
				GCC_C_LANGUAGE_STANDARD = gnu99;
				GCC_OPTIMIZATION_LEVEL = 0;
				GCC_PREPROCESSOR_DEFINITIONS = DEBUG;
				GCC_SYMBOLS_PRIVATE_EXTERN = NO;
				GCC_VERSION = com.apple.compilers.llvm.clang.1_0;
				GCC_WARN_64_TO_32_BIT_CONVERSION = YES;
				GCC_WARN_ABOUT_RETURN_TYPE = YES;
				GCC_WARN_UNUSED_VARIABLE = YES;
				MACOSX_DEPLOYMENT_TARGET = 10.7;
				ONLY_ACTIVE_ARCH = YES;
				SDKROOT = macosx;
			};
			name = Debug;
		};
		094665B414BE3857005CAE76 /* Release */ = {
			isa = XCBuildConfiguration;
			buildSettings = {
				ARCHS = "$(ARCHS_STANDARD_32_64_BIT)";
				GCC_C_LANGUAGE_STANDARD = gnu99;
				GCC_VERSION = com.apple.compilers.llvm.clang.1_0;
				GCC_WARN_64_TO_32_BIT_CONVERSION = YES;
				GCC_WARN_ABOUT_RETURN_TYPE = YES;
				GCC_WARN_UNUSED_VARIABLE = YES;
				MACOSX_DEPLOYMENT_TARGET = 10.7;
				SDKROOT = macosx;
			};
			name = Release;
		};
		094665B614BE3857005CAE76 /* Debug */ = {
			isa = XCBuildConfiguration;
			buildSettings = {
				ALWAYS_SEARCH_USER_PATHS = NO;
				COPY_PHASE_STRIP = NO;
				GCC_DYNAMIC_NO_PIC = NO;
				GCC_ENABLE_OBJC_EXCEPTIONS = YES;
				GCC_PRECOMPILE_PREFIX_HEADER = YES;
				GCC_PREFIX_HEADER = "DrawPP/DrawPP-Prefix.pch";
				INFOPLIST_FILE = "DrawPP/DrawPP-Info.plist";
				MACOSX_DEPLOYMENT_TARGET = 10.7;
				PRODUCT_NAME = "$(TARGET_NAME)";
				WRAPPER_EXTENSION = app;
			};
			name = Debug;
		};
		094665B714BE3857005CAE76 /* Release */ = {
			isa = XCBuildConfiguration;
			buildSettings = {
				ALWAYS_SEARCH_USER_PATHS = NO;
				COPY_PHASE_STRIP = YES;
				DEBUG_INFORMATION_FORMAT = "dwarf-with-dsym";
				GCC_ENABLE_OBJC_EXCEPTIONS = YES;
				GCC_PRECOMPILE_PREFIX_HEADER = YES;
				GCC_PREFIX_HEADER = "DrawPP/DrawPP-Prefix.pch";
				INFOPLIST_FILE = "DrawPP/DrawPP-Info.plist";
				MACOSX_DEPLOYMENT_TARGET = 10.7;
				PRODUCT_NAME = "$(TARGET_NAME)";
				WRAPPER_EXTENSION = app;
			};
			name = Release;
		};
/* End XCBuildConfiguration section */

/* Begin XCConfigurationList section */
		0946658B14BE3857005CAE76 /* Build configuration list for PBXProject "DrawPP" */ = {
			isa = XCConfigurationList;
			buildConfigurations = (
				094665B314BE3857005CAE76 /* Debug */,
				094665B414BE3857005CAE76 /* Release */,
			);
			defaultConfigurationIsVisible = 0;
			defaultConfigurationName = Release;
		};
		094665B514BE3857005CAE76 /* Build configuration list for PBXNativeTarget "DrawPP" */ = {
			isa = XCConfigurationList;
			buildConfigurations = (
				094665B614BE3857005CAE76 /* Debug */,
				094665B714BE3857005CAE76 /* Release */,
			);
			defaultConfigurationIsVisible = 0;
			defaultConfigurationName = Release;
		};
/* End XCConfigurationList section */

/* Begin XCVersionGroup section */
		094665B014BE3857005CAE76 /* OSPulprog.xcdatamodeld */ = {
			isa = XCVersionGroup;
			children = (
				094665B114BE3857005CAE76 /* OSPulprog.xcdatamodel */,
			);
			currentVersion = 094665B114BE3857005CAE76 /* OSPulprog.xcdatamodel */;
			path = OSPulprog.xcdatamodeld;
			sourceTree = "<group>";
			versionGroupType = wrapper.xcdatamodel;
		};
/* End XCVersionGroup section */
	};
	rootObject = 0946658814BE3857005CAE76 /* Project object */;
}
